// !$*UTF8*$!
{
	archiveVersion = 1;
	classes = {
	};
	objectVersion = 46;
	objects = {

/* Begin PBXBuildFile section */
		0FF08BB1B9CC52F11A2B4FF9 /* libPods-Jinkings Soluciona.a in Frameworks */ = {isa = PBXBuildFile; fileRef = 90B06B76ABE1AE9959BF8542 /* libPods-Jinkings Soluciona.a */; };
		79409F7A1B23E630004A97AF /* AudioToolbox.framework in Frameworks */ = {isa = PBXBuildFile; fileRef = 79409F791B23E630004A97AF /* AudioToolbox.framework */; };
		79409F7C1B23E635004A97AF /* CFNetwork.framework in Frameworks */ = {isa = PBXBuildFile; fileRef = 79409F7B1B23E635004A97AF /* CFNetwork.framework */; };
		79409F7E1B23E63B004A97AF /* CoreGraphics.framework in Frameworks */ = {isa = PBXBuildFile; fileRef = 79409F7D1B23E63A004A97AF /* CoreGraphics.framework */; };
		79409F801B23E640004A97AF /* CoreLocation.framework in Frameworks */ = {isa = PBXBuildFile; fileRef = 79409F7F1B23E640004A97AF /* CoreLocation.framework */; };
		79409F821B23E645004A97AF /* MobileCoreServices.framework in Frameworks */ = {isa = PBXBuildFile; fileRef = 79409F811B23E645004A97AF /* MobileCoreServices.framework */; };
		79409F841B23E64B004A97AF /* QuartzCore.framework in Frameworks */ = {isa = PBXBuildFile; fileRef = 79409F831B23E64B004A97AF /* QuartzCore.framework */; };
		79409F861B23E650004A97AF /* Security.framework in Frameworks */ = {isa = PBXBuildFile; fileRef = 79409F851B23E650004A97AF /* Security.framework */; };
		79409F8A1B23E65A004A97AF /* SystemConfiguration.framework in Frameworks */ = {isa = PBXBuildFile; fileRef = 79409F891B23E65A004A97AF /* SystemConfiguration.framework */; };
		79409F8C1B23E663004A97AF /* libz.dylib in Frameworks */ = {isa = PBXBuildFile; fileRef = 79409F8B1B23E663004A97AF /* libz.dylib */; };
		79409F8E1B23E66C004A97AF /* libsqlite3.dylib in Frameworks */ = {isa = PBXBuildFile; fileRef = 79409F8D1B23E66C004A97AF /* libsqlite3.dylib */; };
		79409F931B23E727004A97AF /* Accounts.framework in Frameworks */ = {isa = PBXBuildFile; fileRef = 79409F8F1B23E679004A97AF /* Accounts.framework */; };
		79409F941B23E72C004A97AF /* Social.framework in Frameworks */ = {isa = PBXBuildFile; fileRef = 79409F911B23E67E004A97AF /* Social.framework */; };
		79409F961B23E78A004A97AF /* Parse.framework in Frameworks */ = {isa = PBXBuildFile; fileRef = 79409F951B23E78A004A97AF /* Parse.framework */; };
		79409F981B23E800004A97AF /* Bolts.framework in Frameworks */ = {isa = PBXBuildFile; fileRef = 79409F971B23E800004A97AF /* Bolts.framework */; };
		798967A41B2CFA15003DC09A /* BaseViewController.m in Sources */ = {isa = PBXBuildFile; fileRef = 798967A31B2CFA15003DC09A /* BaseViewController.m */; };
		798967A71B2D1964003DC09A /* PerfilViewController.m in Sources */ = {isa = PBXBuildFile; fileRef = 798967A61B2D1964003DC09A /* PerfilViewController.m */; };
		79A37C731B35FCA80024AB42 /* SimulacaoCell.xib in Resources */ = {isa = PBXBuildFile; fileRef = 79A37C721B35FCA80024AB42 /* SimulacaoCell.xib */; };
		79A37C761B35FCD30024AB42 /* SimulacaoCell.m in Sources */ = {isa = PBXBuildFile; fileRef = 79A37C751B35FCD30024AB42 /* SimulacaoCell.m */; };
		79A37C791B3602180024AB42 /* Simulacao.m in Sources */ = {isa = PBXBuildFile; fileRef = 79A37C781B3602180024AB42 /* Simulacao.m */; };
		79D097A61AF6C4F300DF870C /* main.m in Sources */ = {isa = PBXBuildFile; fileRef = 79D097A51AF6C4F300DF870C /* main.m */; };
		79D097A91AF6C4F300DF870C /* AppDelegate.m in Sources */ = {isa = PBXBuildFile; fileRef = 79D097A81AF6C4F300DF870C /* AppDelegate.m */; };
		79D097AC1AF6C4F300DF870C /* Jinkings_Financiamento.xcdatamodeld in Sources */ = {isa = PBXBuildFile; fileRef = 79D097AA1AF6C4F300DF870C /* Jinkings_Financiamento.xcdatamodeld */; };
		79D097B21AF6C4F300DF870C /* Main.storyboard in Resources */ = {isa = PBXBuildFile; fileRef = 79D097B01AF6C4F300DF870C /* Main.storyboard */; };
		79D097B41AF6C4F300DF870C /* Images.xcassets in Resources */ = {isa = PBXBuildFile; fileRef = 79D097B31AF6C4F300DF870C /* Images.xcassets */; };
		79D097B71AF6C4F300DF870C /* LaunchScreen.xib in Resources */ = {isa = PBXBuildFile; fileRef = 79D097B51AF6C4F300DF870C /* LaunchScreen.xib */; };
		79D097D41AF6C79900DF870C /* AppHelper.m in Sources */ = {isa = PBXBuildFile; fileRef = 79D097D11AF6C79900DF870C /* AppHelper.m */; };
		79D097D51AF6C79900DF870C /* JSONObjects.m in Sources */ = {isa = PBXBuildFile; fileRef = 79D097D31AF6C79900DF870C /* JSONObjects.m */; };
		79D097DA1AF6C7A400DF870C /* Model.m in Sources */ = {isa = PBXBuildFile; fileRef = 79D097D71AF6C7A400DF870C /* Model.m */; };
		79D097DB1AF6C7A400DF870C /* Model+JSONKit.m in Sources */ = {isa = PBXBuildFile; fileRef = 79D097D91AF6C7A400DF870C /* Model+JSONKit.m */; };
		79D097DE1AF6C86800DF870C /* LoginViewController.m in Sources */ = {isa = PBXBuildFile; fileRef = 79D097DD1AF6C86800DF870C /* LoginViewController.m */; };
		79D097E11AF6C87800DF870C /* CadastroViewController.m in Sources */ = {isa = PBXBuildFile; fileRef = 79D097E01AF6C87800DF870C /* CadastroViewController.m */; };
		79D097E41AF6D75A00DF870C /* FormularioViewController.m in Sources */ = {isa = PBXBuildFile; fileRef = 79D097E31AF6D75A00DF870C /* FormularioViewController.m */; };
		79D097E71AF6D77400DF870C /* EnviadosViewController.m in Sources */ = {isa = PBXBuildFile; fileRef = 79D097E61AF6D77400DF870C /* EnviadosViewController.m */; };
/* End PBXBuildFile section */

/* Begin PBXFileReference section */
		3BFD1B5577A33DA8F3EB3170 /* libPods-Jinkings Financiamento.a */ = {isa = PBXFileReference; explicitFileType = archive.ar; includeInIndex = 0; path = "libPods-Jinkings Financiamento.a"; sourceTree = BUILT_PRODUCTS_DIR; };
		3E20A16A44AC7DE27B44E146 /* Pods-Jinkings Financiamento.release.xcconfig */ = {isa = PBXFileReference; includeInIndex = 1; lastKnownFileType = text.xcconfig; name = "Pods-Jinkings Financiamento.release.xcconfig"; path = "Pods/Target Support Files/Pods-Jinkings Financiamento/Pods-Jinkings Financiamento.release.xcconfig"; sourceTree = "<group>"; };
		5E868D4882A22EB37C5D3AB9 /* Pods-Jinkings Financiamento.debug.xcconfig */ = {isa = PBXFileReference; includeInIndex = 1; lastKnownFileType = text.xcconfig; name = "Pods-Jinkings Financiamento.debug.xcconfig"; path = "Pods/Target Support Files/Pods-Jinkings Financiamento/Pods-Jinkings Financiamento.debug.xcconfig"; sourceTree = "<group>"; };
		79409F791B23E630004A97AF /* AudioToolbox.framework */ = {isa = PBXFileReference; lastKnownFileType = wrapper.framework; name = AudioToolbox.framework; path = System/Library/Frameworks/AudioToolbox.framework; sourceTree = SDKROOT; };
		79409F7B1B23E635004A97AF /* CFNetwork.framework */ = {isa = PBXFileReference; lastKnownFileType = wrapper.framework; name = CFNetwork.framework; path = System/Library/Frameworks/CFNetwork.framework; sourceTree = SDKROOT; };
		79409F7D1B23E63A004A97AF /* CoreGraphics.framework */ = {isa = PBXFileReference; lastKnownFileType = wrapper.framework; name = CoreGraphics.framework; path = System/Library/Frameworks/CoreGraphics.framework; sourceTree = SDKROOT; };
		79409F7F1B23E640004A97AF /* CoreLocation.framework */ = {isa = PBXFileReference; lastKnownFileType = wrapper.framework; name = CoreLocation.framework; path = System/Library/Frameworks/CoreLocation.framework; sourceTree = SDKROOT; };
		79409F811B23E645004A97AF /* MobileCoreServices.framework */ = {isa = PBXFileReference; lastKnownFileType = wrapper.framework; name = MobileCoreServices.framework; path = System/Library/Frameworks/MobileCoreServices.framework; sourceTree = SDKROOT; };
		79409F831B23E64B004A97AF /* QuartzCore.framework */ = {isa = PBXFileReference; lastKnownFileType = wrapper.framework; name = QuartzCore.framework; path = System/Library/Frameworks/QuartzCore.framework; sourceTree = SDKROOT; };
		79409F851B23E650004A97AF /* Security.framework */ = {isa = PBXFileReference; lastKnownFileType = wrapper.framework; name = Security.framework; path = System/Library/Frameworks/Security.framework; sourceTree = SDKROOT; };
		79409F891B23E65A004A97AF /* SystemConfiguration.framework */ = {isa = PBXFileReference; lastKnownFileType = wrapper.framework; name = SystemConfiguration.framework; path = System/Library/Frameworks/SystemConfiguration.framework; sourceTree = SDKROOT; };
		79409F8B1B23E663004A97AF /* libz.dylib */ = {isa = PBXFileReference; lastKnownFileType = "compiled.mach-o.dylib"; name = libz.dylib; path = usr/lib/libz.dylib; sourceTree = SDKROOT; };
		79409F8D1B23E66C004A97AF /* libsqlite3.dylib */ = {isa = PBXFileReference; lastKnownFileType = "compiled.mach-o.dylib"; name = libsqlite3.dylib; path = usr/lib/libsqlite3.dylib; sourceTree = SDKROOT; };
		79409F8F1B23E679004A97AF /* Accounts.framework */ = {isa = PBXFileReference; lastKnownFileType = wrapper.framework; name = Accounts.framework; path = System/Library/Frameworks/Accounts.framework; sourceTree = SDKROOT; };
		79409F911B23E67E004A97AF /* Social.framework */ = {isa = PBXFileReference; lastKnownFileType = wrapper.framework; name = Social.framework; path = System/Library/Frameworks/Social.framework; sourceTree = SDKROOT; };
		79409F951B23E78A004A97AF /* Parse.framework */ = {isa = PBXFileReference; lastKnownFileType = wrapper.framework; name = Parse.framework; path = "parse-library-1.7.4/Parse.framework"; sourceTree = "<group>"; };
		79409F971B23E800004A97AF /* Bolts.framework */ = {isa = PBXFileReference; lastKnownFileType = wrapper.framework; name = Bolts.framework; path = "parse-library-1.7.4/Bolts.framework"; sourceTree = "<group>"; };
		798967A21B2CFA15003DC09A /* BaseViewController.h */ = {isa = PBXFileReference; fileEncoding = 4; lastKnownFileType = sourcecode.c.h; path = BaseViewController.h; sourceTree = "<group>"; };
		798967A31B2CFA15003DC09A /* BaseViewController.m */ = {isa = PBXFileReference; fileEncoding = 4; lastKnownFileType = sourcecode.c.objc; path = BaseViewController.m; sourceTree = "<group>"; };
		798967A51B2D1964003DC09A /* PerfilViewController.h */ = {isa = PBXFileReference; fileEncoding = 4; lastKnownFileType = sourcecode.c.h; path = PerfilViewController.h; sourceTree = "<group>"; };
		798967A61B2D1964003DC09A /* PerfilViewController.m */ = {isa = PBXFileReference; fileEncoding = 4; lastKnownFileType = sourcecode.c.objc; path = PerfilViewController.m; sourceTree = "<group>"; };
		79A37C721B35FCA80024AB42 /* SimulacaoCell.xib */ = {isa = PBXFileReference; fileEncoding = 4; lastKnownFileType = file.xib; path = SimulacaoCell.xib; sourceTree = "<group>"; };
		79A37C741B35FCD30024AB42 /* SimulacaoCell.h */ = {isa = PBXFileReference; fileEncoding = 4; lastKnownFileType = sourcecode.c.h; path = SimulacaoCell.h; sourceTree = "<group>"; };
		79A37C751B35FCD30024AB42 /* SimulacaoCell.m */ = {isa = PBXFileReference; fileEncoding = 4; lastKnownFileType = sourcecode.c.objc; path = SimulacaoCell.m; sourceTree = "<group>"; };
		79A37C771B3602180024AB42 /* Simulacao.h */ = {isa = PBXFileReference; fileEncoding = 4; lastKnownFileType = sourcecode.c.h; path = Simulacao.h; sourceTree = "<group>"; };
		79A37C781B3602180024AB42 /* Simulacao.m */ = {isa = PBXFileReference; fileEncoding = 4; lastKnownFileType = sourcecode.c.objc; path = Simulacao.m; sourceTree = "<group>"; };
		79D097A01AF6C4F300DF870C /* Jinkings Soluciona.app */ = {isa = PBXFileReference; explicitFileType = wrapper.application; includeInIndex = 0; path = "Jinkings Soluciona.app"; sourceTree = BUILT_PRODUCTS_DIR; };
		79D097A41AF6C4F300DF870C /* Info.plist */ = {isa = PBXFileReference; lastKnownFileType = text.plist.xml; path = Info.plist; sourceTree = "<group>"; };
		79D097A51AF6C4F300DF870C /* main.m */ = {isa = PBXFileReference; lastKnownFileType = sourcecode.c.objc; path = main.m; sourceTree = "<group>"; };
		79D097A71AF6C4F300DF870C /* AppDelegate.h */ = {isa = PBXFileReference; lastKnownFileType = sourcecode.c.h; path = AppDelegate.h; sourceTree = "<group>"; };
		79D097A81AF6C4F300DF870C /* AppDelegate.m */ = {isa = PBXFileReference; lastKnownFileType = sourcecode.c.objc; path = AppDelegate.m; sourceTree = "<group>"; };
		79D097AB1AF6C4F300DF870C /* Jinkings_Financiamento.xcdatamodel */ = {isa = PBXFileReference; lastKnownFileType = wrapper.xcdatamodel; path = Jinkings_Financiamento.xcdatamodel; sourceTree = "<group>"; };
		79D097B11AF6C4F300DF870C /* Base */ = {isa = PBXFileReference; lastKnownFileType = file.storyboard; name = Base; path = Base.lproj/Main.storyboard; sourceTree = "<group>"; };
		79D097B31AF6C4F300DF870C /* Images.xcassets */ = {isa = PBXFileReference; lastKnownFileType = folder.assetcatalog; path = Images.xcassets; sourceTree = "<group>"; };
		79D097B61AF6C4F300DF870C /* Base */ = {isa = PBXFileReference; lastKnownFileType = file.xib; name = Base; path = Base.lproj/LaunchScreen.xib; sourceTree = "<group>"; };
		79D097C11AF6C4F300DF870C /* Info.plist */ = {isa = PBXFileReference; lastKnownFileType = text.plist.xml; path = Info.plist; sourceTree = "<group>"; };
		79D097C21AF6C4F300DF870C /* Jinkings_FinanciamentoTests.m */ = {isa = PBXFileReference; lastKnownFileType = sourcecode.c.objc; path = Jinkings_FinanciamentoTests.m; sourceTree = "<group>"; };
		79D097D01AF6C79900DF870C /* AppHelper.h */ = {isa = PBXFileReference; fileEncoding = 4; lastKnownFileType = sourcecode.c.h; path = AppHelper.h; sourceTree = "<group>"; };
		79D097D11AF6C79900DF870C /* AppHelper.m */ = {isa = PBXFileReference; fileEncoding = 4; lastKnownFileType = sourcecode.c.objc; path = AppHelper.m; sourceTree = "<group>"; };
		79D097D21AF6C79900DF870C /* JSONObjects.h */ = {isa = PBXFileReference; fileEncoding = 4; lastKnownFileType = sourcecode.c.h; path = JSONObjects.h; sourceTree = "<group>"; };
		79D097D31AF6C79900DF870C /* JSONObjects.m */ = {isa = PBXFileReference; fileEncoding = 4; lastKnownFileType = sourcecode.c.objc; path = JSONObjects.m; sourceTree = "<group>"; };
		79D097D61AF6C7A400DF870C /* Model.h */ = {isa = PBXFileReference; fileEncoding = 4; lastKnownFileType = sourcecode.c.h; path = Model.h; sourceTree = "<group>"; };
		79D097D71AF6C7A400DF870C /* Model.m */ = {isa = PBXFileReference; fileEncoding = 4; lastKnownFileType = sourcecode.c.objc; path = Model.m; sourceTree = "<group>"; };
		79D097D81AF6C7A400DF870C /* Model+JSONKit.h */ = {isa = PBXFileReference; fileEncoding = 4; lastKnownFileType = sourcecode.c.h; path = "Model+JSONKit.h"; sourceTree = "<group>"; };
		79D097D91AF6C7A400DF870C /* Model+JSONKit.m */ = {isa = PBXFileReference; fileEncoding = 4; lastKnownFileType = sourcecode.c.objc; path = "Model+JSONKit.m"; sourceTree = "<group>"; };
		79D097DC1AF6C86800DF870C /* LoginViewController.h */ = {isa = PBXFileReference; fileEncoding = 4; lastKnownFileType = sourcecode.c.h; path = LoginViewController.h; sourceTree = "<group>"; };
		79D097DD1AF6C86800DF870C /* LoginViewController.m */ = {isa = PBXFileReference; fileEncoding = 4; lastKnownFileType = sourcecode.c.objc; path = LoginViewController.m; sourceTree = "<group>"; };
		79D097DF1AF6C87800DF870C /* CadastroViewController.h */ = {isa = PBXFileReference; fileEncoding = 4; lastKnownFileType = sourcecode.c.h; path = CadastroViewController.h; sourceTree = "<group>"; };
		79D097E01AF6C87800DF870C /* CadastroViewController.m */ = {isa = PBXFileReference; fileEncoding = 4; lastKnownFileType = sourcecode.c.objc; path = CadastroViewController.m; sourceTree = "<group>"; };
		79D097E21AF6D75A00DF870C /* FormularioViewController.h */ = {isa = PBXFileReference; fileEncoding = 4; lastKnownFileType = sourcecode.c.h; path = FormularioViewController.h; sourceTree = "<group>"; };
		79D097E31AF6D75A00DF870C /* FormularioViewController.m */ = {isa = PBXFileReference; fileEncoding = 4; lastKnownFileType = sourcecode.c.objc; path = FormularioViewController.m; sourceTree = "<group>"; };
		79D097E51AF6D77400DF870C /* EnviadosViewController.h */ = {isa = PBXFileReference; fileEncoding = 4; lastKnownFileType = sourcecode.c.h; path = EnviadosViewController.h; sourceTree = "<group>"; };
		79D097E61AF6D77400DF870C /* EnviadosViewController.m */ = {isa = PBXFileReference; fileEncoding = 4; lastKnownFileType = sourcecode.c.objc; path = EnviadosViewController.m; sourceTree = "<group>"; };
		90B06B76ABE1AE9959BF8542 /* libPods-Jinkings Soluciona.a */ = {isa = PBXFileReference; explicitFileType = archive.ar; includeInIndex = 0; path = "libPods-Jinkings Soluciona.a"; sourceTree = BUILT_PRODUCTS_DIR; };
		CCD4A6F4C8C1494F993CBB1C /* Pods-Jinkings Soluciona.debug.xcconfig */ = {isa = PBXFileReference; includeInIndex = 1; lastKnownFileType = text.xcconfig; name = "Pods-Jinkings Soluciona.debug.xcconfig"; path = "Pods/Target Support Files/Pods-Jinkings Soluciona/Pods-Jinkings Soluciona.debug.xcconfig"; sourceTree = "<group>"; };
		D7E37ABC4D5E6793E15B9117 /* Pods-Jinkings Soluciona.release.xcconfig */ = {isa = PBXFileReference; includeInIndex = 1; lastKnownFileType = text.xcconfig; name = "Pods-Jinkings Soluciona.release.xcconfig"; path = "Pods/Target Support Files/Pods-Jinkings Soluciona/Pods-Jinkings Soluciona.release.xcconfig"; sourceTree = "<group>"; };
/* End PBXFileReference section */

/* Begin PBXFrameworksBuildPhase section */
		79D0979D1AF6C4F300DF870C /* Frameworks */ = {
			isa = PBXFrameworksBuildPhase;
			buildActionMask = 2147483647;
			files = (
				79409F941B23E72C004A97AF /* Social.framework in Frameworks */,
				79409F931B23E727004A97AF /* Accounts.framework in Frameworks */,
				79409F8E1B23E66C004A97AF /* libsqlite3.dylib in Frameworks */,
				79409F8C1B23E663004A97AF /* libz.dylib in Frameworks */,
				79409F961B23E78A004A97AF /* Parse.framework in Frameworks */,
				79409F8A1B23E65A004A97AF /* SystemConfiguration.framework in Frameworks */,
				79409F861B23E650004A97AF /* Security.framework in Frameworks */,
				79409F841B23E64B004A97AF /* QuartzCore.framework in Frameworks */,
				79409F821B23E645004A97AF /* MobileCoreServices.framework in Frameworks */,
				79409F801B23E640004A97AF /* CoreLocation.framework in Frameworks */,
				79409F7E1B23E63B004A97AF /* CoreGraphics.framework in Frameworks */,
				79409F7C1B23E635004A97AF /* CFNetwork.framework in Frameworks */,
				79409F7A1B23E630004A97AF /* AudioToolbox.framework in Frameworks */,
				79409F981B23E800004A97AF /* Bolts.framework in Frameworks */,
				0FF08BB1B9CC52F11A2B4FF9 /* libPods-Jinkings Soluciona.a in Frameworks */,
			);
			runOnlyForDeploymentPostprocessing = 0;
		};
/* End PBXFrameworksBuildPhase section */

/* Begin PBXGroup section */
		3F0027AC112F67148FE6D708 /* Pods */ = {
			isa = PBXGroup;
			children = (
				5E868D4882A22EB37C5D3AB9 /* Pods-Jinkings Financiamento.debug.xcconfig */,
				3E20A16A44AC7DE27B44E146 /* Pods-Jinkings Financiamento.release.xcconfig */,
				CCD4A6F4C8C1494F993CBB1C /* Pods-Jinkings Soluciona.debug.xcconfig */,
				D7E37ABC4D5E6793E15B9117 /* Pods-Jinkings Soluciona.release.xcconfig */,
			);
			name = Pods;
			sourceTree = "<group>";
		};
		7535B697D8A2FD7FB96D6A84 /* Frameworks */ = {
			isa = PBXGroup;
			children = (
				79409F971B23E800004A97AF /* Bolts.framework */,
				79409F951B23E78A004A97AF /* Parse.framework */,
				79409F911B23E67E004A97AF /* Social.framework */,
				79409F8F1B23E679004A97AF /* Accounts.framework */,
				79409F8D1B23E66C004A97AF /* libsqlite3.dylib */,
				79409F8B1B23E663004A97AF /* libz.dylib */,
				79409F891B23E65A004A97AF /* SystemConfiguration.framework */,
				79409F851B23E650004A97AF /* Security.framework */,
				79409F831B23E64B004A97AF /* QuartzCore.framework */,
				79409F811B23E645004A97AF /* MobileCoreServices.framework */,
				79409F7F1B23E640004A97AF /* CoreLocation.framework */,
				79409F7D1B23E63A004A97AF /* CoreGraphics.framework */,
				79409F7B1B23E635004A97AF /* CFNetwork.framework */,
				79409F791B23E630004A97AF /* AudioToolbox.framework */,
				3BFD1B5577A33DA8F3EB3170 /* libPods-Jinkings Financiamento.a */,
				90B06B76ABE1AE9959BF8542 /* libPods-Jinkings Soluciona.a */,
			);
			name = Frameworks;
			sourceTree = "<group>";
		};
		798967A81B2D3CA9003DC09A /* Service */ = {
			isa = PBXGroup;
			children = (
			);
			path = Service;
			sourceTree = "<group>";
		};
		79A37C711B35FC900024AB42 /* Views */ = {
			isa = PBXGroup;
			children = (
				79A37C721B35FCA80024AB42 /* SimulacaoCell.xib */,
				79A37C741B35FCD30024AB42 /* SimulacaoCell.h */,
				79A37C751B35FCD30024AB42 /* SimulacaoCell.m */,
			);
			path = Views;
			sourceTree = "<group>";
		};
		79D097971AF6C4F300DF870C = {
			isa = PBXGroup;
			children = (
				79D097A21AF6C4F300DF870C /* Jinkings Financiamento */,
				79D097BF1AF6C4F300DF870C /* Jinkings FinanciamentoTests */,
				79D097A11AF6C4F300DF870C /* Products */,
				3F0027AC112F67148FE6D708 /* Pods */,
				7535B697D8A2FD7FB96D6A84 /* Frameworks */,
			);
			sourceTree = "<group>";
		};
		79D097A11AF6C4F300DF870C /* Products */ = {
			isa = PBXGroup;
			children = (
				79D097A01AF6C4F300DF870C /* Jinkings Soluciona.app */,
			);
			name = Products;
			sourceTree = "<group>";
		};
		79D097A21AF6C4F300DF870C /* Jinkings Financiamento */ = {
			isa = PBXGroup;
			children = (
				79A37C711B35FC900024AB42 /* Views */,
				798967A81B2D3CA9003DC09A /* Service */,
				79D097CC1AF6C5DB00DF870C /* Components */,
				79D097CD1AF6C5DB00DF870C /* Domain */,
				79D097CE1AF6C5DB00DF870C /* Util */,
				79D097CF1AF6C5DB00DF870C /* ViewControllers */,
				79D097A71AF6C4F300DF870C /* AppDelegate.h */,
				79D097A81AF6C4F300DF870C /* AppDelegate.m */,
				79D097B01AF6C4F300DF870C /* Main.storyboard */,
				79D097B31AF6C4F300DF870C /* Images.xcassets */,
				79D097B51AF6C4F300DF870C /* LaunchScreen.xib */,
				79D097AA1AF6C4F300DF870C /* Jinkings_Financiamento.xcdatamodeld */,
				79D097A31AF6C4F300DF870C /* Supporting Files */,
			);
			path = "Jinkings Financiamento";
			sourceTree = "<group>";
		};
		79D097A31AF6C4F300DF870C /* Supporting Files */ = {
			isa = PBXGroup;
			children = (
				79D097A41AF6C4F300DF870C /* Info.plist */,
				79D097A51AF6C4F300DF870C /* main.m */,
			);
			name = "Supporting Files";
			sourceTree = "<group>";
		};
		79D097BF1AF6C4F300DF870C /* Jinkings FinanciamentoTests */ = {
			isa = PBXGroup;
			children = (
				79D097C21AF6C4F300DF870C /* Jinkings_FinanciamentoTests.m */,
				79D097C01AF6C4F300DF870C /* Supporting Files */,
			);
			path = "Jinkings FinanciamentoTests";
			sourceTree = "<group>";
		};
		79D097C01AF6C4F300DF870C /* Supporting Files */ = {
			isa = PBXGroup;
			children = (
				79D097C11AF6C4F300DF870C /* Info.plist */,
			);
			name = "Supporting Files";
			sourceTree = "<group>";
		};
		79D097CC1AF6C5DB00DF870C /* Components */ = {
			isa = PBXGroup;
			children = (
			);
			path = Components;
			sourceTree = "<group>";
		};
		79D097CD1AF6C5DB00DF870C /* Domain */ = {
			isa = PBXGroup;
			children = (
				79D097D61AF6C7A400DF870C /* Model.h */,
				79D097D71AF6C7A400DF870C /* Model.m */,
				79D097D81AF6C7A400DF870C /* Model+JSONKit.h */,
				79D097D91AF6C7A400DF870C /* Model+JSONKit.m */,
				79A37C771B3602180024AB42 /* Simulacao.h */,
				79A37C781B3602180024AB42 /* Simulacao.m */,
			);
			path = Domain;
			sourceTree = "<group>";
		};
		79D097CE1AF6C5DB00DF870C /* Util */ = {
			isa = PBXGroup;
			children = (
				79D097D01AF6C79900DF870C /* AppHelper.h */,
				79D097D11AF6C79900DF870C /* AppHelper.m */,
				79D097D21AF6C79900DF870C /* JSONObjects.h */,
				79D097D31AF6C79900DF870C /* JSONObjects.m */,
			);
			path = Util;
			sourceTree = "<group>";
		};
		79D097CF1AF6C5DB00DF870C /* ViewControllers */ = {
			isa = PBXGroup;
			children = (
				79D097DC1AF6C86800DF870C /* LoginViewController.h */,
				79D097DD1AF6C86800DF870C /* LoginViewController.m */,
				79D097DF1AF6C87800DF870C /* CadastroViewController.h */,
				79D097E01AF6C87800DF870C /* CadastroViewController.m */,
				79D097E21AF6D75A00DF870C /* FormularioViewController.h */,
				79D097E31AF6D75A00DF870C /* FormularioViewController.m */,
				79D097E51AF6D77400DF870C /* EnviadosViewController.h */,
				79D097E61AF6D77400DF870C /* EnviadosViewController.m */,
				798967A21B2CFA15003DC09A /* BaseViewController.h */,
				798967A31B2CFA15003DC09A /* BaseViewController.m */,
				798967A51B2D1964003DC09A /* PerfilViewController.h */,
				798967A61B2D1964003DC09A /* PerfilViewController.m */,
			);
			path = ViewControllers;
			sourceTree = "<group>";
		};
/* End PBXGroup section */

/* Begin PBXNativeTarget section */
		79D0979F1AF6C4F300DF870C /* Jinkings Soluciona */ = {
			isa = PBXNativeTarget;
			buildConfigurationList = 79D097C61AF6C4F300DF870C /* Build configuration list for PBXNativeTarget "Jinkings Soluciona" */;
			buildPhases = (
				F022DCE37C392D0F5BE40CC3 /* Check Pods Manifest.lock */,
				79D0979C1AF6C4F300DF870C /* Sources */,
				79D0979D1AF6C4F300DF870C /* Frameworks */,
				79D0979E1AF6C4F300DF870C /* Resources */,
				DC9D05DD7AD7C1955F117397 /* Copy Pods Resources */,
			);
			buildRules = (
			);
			dependencies = (
			);
			name = "Jinkings Soluciona";
			productName = "Jinkings Financiamento";
			productReference = 79D097A01AF6C4F300DF870C /* Jinkings Soluciona.app */;
			productType = "com.apple.product-type.application";
		};
/* End PBXNativeTarget section */

/* Begin PBXProject section */
		79D097981AF6C4F300DF870C /* Project object */ = {
			isa = PBXProject;
			attributes = {
				LastUpgradeCheck = 0630;
				ORGANIZATIONNAME = Jinkings;
				TargetAttributes = {
					79D0979F1AF6C4F300DF870C = {
						CreatedOnToolsVersion = 6.3;
						DevelopmentTeam = D43YPQNXZC;
						SystemCapabilities = {
							com.apple.InAppPurchase = {
								enabled = 0;
							};
						};
					};
				};
			};
			buildConfigurationList = 79D0979B1AF6C4F300DF870C /* Build configuration list for PBXProject "Jinkings Soluciona" */;
			compatibilityVersion = "Xcode 3.2";
			developmentRegion = English;
			hasScannedForEncodings = 0;
			knownRegions = (
				en,
				Base,
			);
			mainGroup = 79D097971AF6C4F300DF870C;
			productRefGroup = 79D097A11AF6C4F300DF870C /* Products */;
			projectDirPath = "";
			projectRoot = "";
			targets = (
				79D0979F1AF6C4F300DF870C /* Jinkings Soluciona */,
			);
		};
/* End PBXProject section */

/* Begin PBXResourcesBuildPhase section */
		79D0979E1AF6C4F300DF870C /* Resources */ = {
			isa = PBXResourcesBuildPhase;
			buildActionMask = 2147483647;
			files = (
				79A37C731B35FCA80024AB42 /* SimulacaoCell.xib in Resources */,
				79D097B21AF6C4F300DF870C /* Main.storyboard in Resources */,
				79D097B71AF6C4F300DF870C /* LaunchScreen.xib in Resources */,
				79D097B41AF6C4F300DF870C /* Images.xcassets in Resources */,
			);
			runOnlyForDeploymentPostprocessing = 0;
		};
/* End PBXResourcesBuildPhase section */

/* Begin PBXShellScriptBuildPhase section */
		DC9D05DD7AD7C1955F117397 /* Copy Pods Resources */ = {
			isa = PBXShellScriptBuildPhase;
			buildActionMask = 2147483647;
			files = (
			);
			inputPaths = (
			);
			name = "Copy Pods Resources";
			outputPaths = (
			);
			runOnlyForDeploymentPostprocessing = 0;
			shellPath = /bin/sh;
			shellScript = "\"${SRCROOT}/Pods/Target Support Files/Pods-Jinkings Soluciona/Pods-Jinkings Soluciona-resources.sh\"\n";
			showEnvVarsInLog = 0;
		};
		F022DCE37C392D0F5BE40CC3 /* Check Pods Manifest.lock */ = {
			isa = PBXShellScriptBuildPhase;
			buildActionMask = 2147483647;
			files = (
			);
			inputPaths = (
			);
			name = "Check Pods Manifest.lock";
			outputPaths = (
			);
			runOnlyForDeploymentPostprocessing = 0;
			shellPath = /bin/sh;
			shellScript = "diff \"${PODS_ROOT}/../Podfile.lock\" \"${PODS_ROOT}/Manifest.lock\" > /dev/null\nif [[ $? != 0 ]] ; then\n    cat << EOM\nerror: The sandbox is not in sync with the Podfile.lock. Run 'pod install' or update your CocoaPods installation.\nEOM\n    exit 1\nfi\n";
			showEnvVarsInLog = 0;
		};
/* End PBXShellScriptBuildPhase section */

/* Begin PBXSourcesBuildPhase section */
		79D0979C1AF6C4F300DF870C /* Sources */ = {
			isa = PBXSourcesBuildPhase;
			buildActionMask = 2147483647;
			files = (
				79A37C761B35FCD30024AB42 /* SimulacaoCell.m in Sources */,
				798967A71B2D1964003DC09A /* PerfilViewController.m in Sources */,
				79D097DE1AF6C86800DF870C /* LoginViewController.m in Sources */,
				798967A41B2CFA15003DC09A /* BaseViewController.m in Sources */,
				79D097E71AF6D77400DF870C /* EnviadosViewController.m in Sources */,
				79D097DB1AF6C7A400DF870C /* Model+JSONKit.m in Sources */,
				79D097A91AF6C4F300DF870C /* AppDelegate.m in Sources */,
				79D097D51AF6C79900DF870C /* JSONObjects.m in Sources */,
				79D097E41AF6D75A00DF870C /* FormularioViewController.m in Sources */,
				79D097A61AF6C4F300DF870C /* main.m in Sources */,
				79D097DA1AF6C7A400DF870C /* Model.m in Sources */,
				79D097AC1AF6C4F300DF870C /* Jinkings_Financiamento.xcdatamodeld in Sources */,
				79A37C791B3602180024AB42 /* Simulacao.m in Sources */,
				79D097E11AF6C87800DF870C /* CadastroViewController.m in Sources */,
				79D097D41AF6C79900DF870C /* AppHelper.m in Sources */,
			);
			runOnlyForDeploymentPostprocessing = 0;
		};
/* End PBXSourcesBuildPhase section */

/* Begin PBXVariantGroup section */
		79D097B01AF6C4F300DF870C /* Main.storyboard */ = {
			isa = PBXVariantGroup;
			children = (
				79D097B11AF6C4F300DF870C /* Base */,
			);
			name = Main.storyboard;
			sourceTree = "<group>";
		};
		79D097B51AF6C4F300DF870C /* LaunchScreen.xib */ = {
			isa = PBXVariantGroup;
			children = (
				79D097B61AF6C4F300DF870C /* Base */,
			);
			name = LaunchScreen.xib;
			sourceTree = "<group>";
		};
/* End PBXVariantGroup section */

/* Begin XCBuildConfiguration section */
		79D097C41AF6C4F300DF870C /* Debug */ = {
			isa = XCBuildConfiguration;
			buildSettings = {
				ALWAYS_SEARCH_USER_PATHS = NO;
				CLANG_CXX_LANGUAGE_STANDARD = "gnu++0x";
				CLANG_CXX_LIBRARY = "libc++";
				CLANG_ENABLE_MODULES = YES;
				CLANG_ENABLE_OBJC_ARC = YES;
				CLANG_WARN_BOOL_CONVERSION = YES;
				CLANG_WARN_CONSTANT_CONVERSION = YES;
				CLANG_WARN_DIRECT_OBJC_ISA_USAGE = YES_ERROR;
				CLANG_WARN_EMPTY_BODY = YES;
				CLANG_WARN_ENUM_CONVERSION = YES;
				CLANG_WARN_INT_CONVERSION = YES;
				CLANG_WARN_OBJC_ROOT_CLASS = YES_ERROR;
				CLANG_WARN_UNREACHABLE_CODE = YES;
				CLANG_WARN__DUPLICATE_METHOD_MATCH = YES;
				CODE_SIGN_IDENTITY = "iPhone Distribution: Fred Halen Jinkings (D43YPQNXZC)";
				"CODE_SIGN_IDENTITY[sdk=iphoneos*]" = "iPhone Distribution: Fred Halen Jinkings (D43YPQNXZC)";
				COPY_PHASE_STRIP = NO;
				DEBUG_INFORMATION_FORMAT = "dwarf-with-dsym";
				ENABLE_STRICT_OBJC_MSGSEND = YES;
				GCC_C_LANGUAGE_STANDARD = gnu99;
				GCC_DYNAMIC_NO_PIC = NO;
				GCC_NO_COMMON_BLOCKS = YES;
				GCC_OPTIMIZATION_LEVEL = 0;
				GCC_PREPROCESSOR_DEFINITIONS = (
					"DEBUG=1",
					"$(inherited)",
				);
				GCC_SYMBOLS_PRIVATE_EXTERN = NO;
				GCC_WARN_64_TO_32_BIT_CONVERSION = YES;
				GCC_WARN_ABOUT_RETURN_TYPE = YES_ERROR;
				GCC_WARN_UNDECLARED_SELECTOR = YES;
				GCC_WARN_UNINITIALIZED_AUTOS = YES_AGGRESSIVE;
				GCC_WARN_UNUSED_FUNCTION = YES;
				GCC_WARN_UNUSED_VARIABLE = YES;
				IPHONEOS_DEPLOYMENT_TARGET = 8.3;
				MTL_ENABLE_DEBUG_INFO = YES;
				ONLY_ACTIVE_ARCH = YES;
				PROVISIONING_PROFILE = "c9a76ae9-e548-4a55-a429-7fa8c22d3b94";
				SDKROOT = iphoneos;
			};
			name = Debug;
		};
		79D097C51AF6C4F300DF870C /* Release */ = {
			isa = XCBuildConfiguration;
			buildSettings = {
				ALWAYS_SEARCH_USER_PATHS = NO;
				CLANG_CXX_LANGUAGE_STANDARD = "gnu++0x";
				CLANG_CXX_LIBRARY = "libc++";
				CLANG_ENABLE_MODULES = YES;
				CLANG_ENABLE_OBJC_ARC = YES;
				CLANG_WARN_BOOL_CONVERSION = YES;
				CLANG_WARN_CONSTANT_CONVERSION = YES;
				CLANG_WARN_DIRECT_OBJC_ISA_USAGE = YES_ERROR;
				CLANG_WARN_EMPTY_BODY = YES;
				CLANG_WARN_ENUM_CONVERSION = YES;
				CLANG_WARN_INT_CONVERSION = YES;
				CLANG_WARN_OBJC_ROOT_CLASS = YES_ERROR;
				CLANG_WARN_UNREACHABLE_CODE = YES;
				CLANG_WARN__DUPLICATE_METHOD_MATCH = YES;
				CODE_SIGN_IDENTITY = "iPhone Distribution: Fred Halen Jinkings (D43YPQNXZC)";
				"CODE_SIGN_IDENTITY[sdk=iphoneos*]" = "iPhone Distribution: Fred Halen Jinkings (D43YPQNXZC)";
				COPY_PHASE_STRIP = NO;
				DEBUG_INFORMATION_FORMAT = "dwarf-with-dsym";
				ENABLE_NS_ASSERTIONS = NO;
				ENABLE_STRICT_OBJC_MSGSEND = YES;
				GCC_C_LANGUAGE_STANDARD = gnu99;
				GCC_NO_COMMON_BLOCKS = YES;
				GCC_WARN_64_TO_32_BIT_CONVERSION = YES;
				GCC_WARN_ABOUT_RETURN_TYPE = YES_ERROR;
				GCC_WARN_UNDECLARED_SELECTOR = YES;
				GCC_WARN_UNINITIALIZED_AUTOS = YES_AGGRESSIVE;
				GCC_WARN_UNUSED_FUNCTION = YES;
				GCC_WARN_UNUSED_VARIABLE = YES;
				IPHONEOS_DEPLOYMENT_TARGET = 8.3;
				MTL_ENABLE_DEBUG_INFO = NO;
				PROVISIONING_PROFILE = "c9a76ae9-e548-4a55-a429-7fa8c22d3b94";
				SDKROOT = iphoneos;
				VALIDATE_PRODUCT = YES;
			};
			name = Release;
		};
		79D097C71AF6C4F300DF870C /* Debug */ = {
			isa = XCBuildConfiguration;
			baseConfigurationReference = CCD4A6F4C8C1494F993CBB1C /* Pods-Jinkings Soluciona.debug.xcconfig */;
			buildSettings = {
				ASSETCATALOG_COMPILER_APPICON_NAME = AppIcon;
				ASSETCATALOG_COMPILER_LAUNCHIMAGE_NAME = LaunchImage;
				CODE_SIGN_IDENTITY = "iPhone Distribution: Fred Halen Jinkings (D43YPQNXZC)";
				FRAMEWORK_SEARCH_PATHS = (
					"$(inherited)",
					"$(PROJECT_DIR)/parse-library-1.7.4",
				);
				INFOPLIST_FILE = "Jinkings Financiamento/Info.plist";
				LD_RUNPATH_SEARCH_PATHS = "$(inherited) @executable_path/Frameworks";
				PRODUCT_NAME = "Jinkings Soluciona";
				PROVISIONING_PROFILE = "c9a76ae9-e548-4a55-a429-7fa8c22d3b94";
			};
			name = Debug;
		};
		79D097C81AF6C4F300DF870C /* Release */ = {
			isa = XCBuildConfiguration;
			baseConfigurationReference = D7E37ABC4D5E6793E15B9117 /* Pods-Jinkings Soluciona.release.xcconfig */;
			buildSettings = {
				ASSETCATALOG_COMPILER_APPICON_NAME = AppIcon;
				ASSETCATALOG_COMPILER_LAUNCHIMAGE_NAME = LaunchImage;
				CODE_SIGN_IDENTITY = "iPhone Distribution: Fred Halen Jinkings (D43YPQNXZC)";
				FRAMEWORK_SEARCH_PATHS = (
					"$(inherited)",
					"$(PROJECT_DIR)/parse-library-1.7.4",
				);
				INFOPLIST_FILE = "Jinkings Financiamento/Info.plist";
				LD_RUNPATH_SEARCH_PATHS = "$(inherited) @executable_path/Frameworks";
				PRODUCT_NAME = "Jinkings Soluciona";
				PROVISIONING_PROFILE = "c9a76ae9-e548-4a55-a429-7fa8c22d3b94";
			};
			name = Release;
		};
/* End XCBuildConfiguration section */

/* Begin XCConfigurationList section */
		79D0979B1AF6C4F300DF870C /* Build configuration list for PBXProject "Jinkings Soluciona" */ = {
			isa = XCConfigurationList;
			buildConfigurations = (
				79D097C41AF6C4F300DF870C /* Debug */,
				79D097C51AF6C4F300DF870C /* Release */,
			);
			defaultConfigurationIsVisible = 0;
			defaultConfigurationName = Release;
		};
		79D097C61AF6C4F300DF870C /* Build configuration list for PBXNativeTarget "Jinkings Soluciona" */ = {
			isa = XCConfigurationList;
			buildConfigurations = (
				79D097C71AF6C4F300DF870C /* Debug */,
				79D097C81AF6C4F300DF870C /* Release */,
			);
			defaultConfigurationIsVisible = 0;
			defaultConfigurationName = Release;
		};
/* End XCConfigurationList section */

/* Begin XCVersionGroup section */
		79D097AA1AF6C4F300DF870C /* Jinkings_Financiamento.xcdatamodeld */ = {
			isa = XCVersionGroup;
			children = (
				79D097AB1AF6C4F300DF870C /* Jinkings_Financiamento.xcdatamodel */,
			);
			currentVersion = 79D097AB1AF6C4F300DF870C /* Jinkings_Financiamento.xcdatamodel */;
			path = Jinkings_Financiamento.xcdatamodeld;
			sourceTree = "<group>";
			versionGroupType = wrapper.xcdatamodel;
		};
/* End XCVersionGroup section */
	};
	rootObject = 79D097981AF6C4F300DF870C /* Project object */;
}
